
Microsoft Visual Studio Solution File, Format Version 12.00
# Visual Studio Version 16
VisualStudioVersion = 16.0.30011.22
MinimumVisualStudioVersion = 10.0.40219.1
Project("{FAE04EC0-301F-11D3-BF4B-00C04F79EFBC}") = "ITalentPortfolio", "ITalentPortfolio\ITalentPortfolio.csproj", "{38D75655-D8D6-43DB-8792-046DFD17E18F}"
EndProject
Global
	GlobalSection(SolutionConfigurationPlatforms) = preSolution
		Debug|ARM = Debug|ARM
		Debug|ARM64 = Debug|ARM64
		Debug|x64 = Debug|x64
		Debug|x86 = Debug|x86
		Release|ARM = Release|ARM
		Release|ARM64 = Release|ARM64
		Release|x64 = Release|x64
		Release|x86 = Release|x86
	EndGlobalSection
	GlobalSection(ProjectConfigurationPlatforms) = postSolution
		{38D75655-D8D6-43DB-8792-046DFD17E18F}.Debug|ARM.ActiveCfg = Debug|ARM
		{38D75655-D8D6-43DB-8792-046DFD17E18F}.Debug|ARM.Build.0 = Debug|ARM
		{38D75655-D8D6-43DB-8792-046DFD17E18F}.Debug|ARM.Deploy.0 = Debug|ARM
		{38D75655-D8D6-43DB-8792-046DFD17E18F}.Debug|ARM64.ActiveCfg = Debug|ARM64
		{38D75655-D8D6-43DB-8792-046DFD17E18F}.Debug|ARM64.Build.0 = Debug|ARM64
		{38D75655-D8D6-43DB-8792-046DFD17E18F}.Debug|ARM64.Deploy.0 = Debug|ARM64
		{38D75655-D8D6-43DB-8792-046DFD17E18F}.Debug|x64.ActiveCfg = Debug|x64
		{38D75655-D8D6-43DB-8792-046DFD17E18F}.Debug|x64.Build.0 = Debug|x64
		{38D75655-D8D6-43DB-8792-046DFD17E18F}.Debug|x64.Deploy.0 = Debug|x64
		{38D75655-D8D6-43DB-8792-046DFD17E18F}.Debug|x86.ActiveCfg = Debug|x86
		{38D75655-D8D6-43DB-8792-046DFD17E18F}.Debug|x86.Build.0 = Debug|x86
		{38D75655-D8D6-43DB-8792-046DFD17E18F}.Debug|x86.Deploy.0 = Debug|x86
		{38D75655-D8D6-43DB-8792-046DFD17E18F}.Release|ARM.ActiveCfg = Release|ARM
		{38D75655-D8D6-43DB-8792-046DFD17E18F}.Release|ARM.Build.0 = Release|ARM
		{38D75655-D8D6-43DB-8792-046DFD17E18F}.Release|ARM.Deploy.0 = Release|ARM
		{38D75655-D8D6-43DB-8792-046DFD17E18F}.Release|ARM64.ActiveCfg = Release|ARM64
		{38D75655-D8D6-43DB-8792-046DFD17E18F}.Release|ARM64.Build.0 = Release|ARM64
		{38D75655-D8D6-43DB-8792-046DFD17E18F}.Release|ARM64.Deploy.0 = Release|ARM64
		{38D75655-D8D6-43DB-8792-046DFD17E18F}.Release|x64.ActiveCfg = Release|x64
		{38D75655-D8D6-43DB-8792-046DFD17E18F}.Release|x64.Build.0 = Release|x64
		{38D75655-D8D6-43DB-8792-046DFD17E18F}.Release|x64.Deploy.0 = Release|x64
		{38D75655-D8D6-43DB-8792-046DFD17E18F}.Release|x86.ActiveCfg = Release|x86
		{38D75655-D8D6-43DB-8792-046DFD17E18F}.Release|x86.Build.0 = Release|x86
		{38D75655-D8D6-43DB-8792-046DFD17E18F}.Release|x86.Deploy.0 = Release|x86
	EndGlobalSection
	GlobalSection(SolutionProperties) = preSolution
		HideSolutionNode = FALSE
	EndGlobalSection
	GlobalSection(ExtensibilityGlobals) = postSolution
		SolutionGuid = {EAAFC1A5-3023-47D8-9821-8F397BD970F8}
	EndGlobalSection
EndGlobal
